
Microsoft Visual Studio Solution File, Format Version 12.00
# Visual Studio Version 16
VisualStudioVersion = 16.0.31729.503
MinimumVisualStudioVersion = 10.0.40219.1
Project("{FAE04EC0-301F-11D3-BF4B-00C04F79EFBC}") = "UnilearApi", "UnilearApi\UnilearApi.csproj", "{82D479CC-E361-4BEC-A435-02558E7345D3}"
EndProject
Global
	GlobalSection(SolutionConfigurationPlatforms) = preSolution
		Debug|Any CPU = Debug|Any CPU
		Release|Any CPU = Release|Any CPU
	EndGlobalSection
	GlobalSection(ProjectConfigurationPlatforms) = postSolution
		{82D479CC-E361-4BEC-A435-02558E7345D3}.Debug|Any CPU.ActiveCfg = Debug|Any CPU
		{82D479CC-E361-4BEC-A435-02558E7345D3}.Debug|Any CPU.Build.0 = Debug|Any CPU
		{82D479CC-E361-4BEC-A435-02558E7345D3}.Release|Any CPU.ActiveCfg = Release|Any CPU
		{82D479CC-E361-4BEC-A435-02558E7345D3}.Release|Any CPU.Build.0 = Release|Any CPU
	EndGlobalSection
	GlobalSection(SolutionProperties) = preSolution
		HideSolutionNode = FALSE
	EndGlobalSection
	GlobalSection(ExtensibilityGlobals) = postSolution
		SolutionGuid = {12C90A43-DB62-4FBB-B8FE-7005898747CB}
	EndGlobalSection
EndGlobal
