
Microsoft Visual Studio Solution File, Format Version 12.00
# Visual Studio Version 16
VisualStudioVersion = 16.0.31729.503
MinimumVisualStudioVersion = 10.0.40219.1
Project("{FAE04EC0-301F-11D3-BF4B-00C04F79EFBC}") = "Unilearn_Api453", "Unilearn_Api453\Unilearn_Api453.csproj", "{6FC918D4-B407-4F4B-B710-EE3198B4F1A7}"
EndProject
Project("{2150E333-8FDC-42A3-9474-1A3956D46DE8}") = "Solution Items", "Solution Items", "{FBB9F24E-95F1-495A-A092-8E926B2DD027}"
	ProjectSection(SolutionItems) = preProject
		.editorconfig = .editorconfig
	EndProjectSection
EndProject
Global
	GlobalSection(SolutionConfigurationPlatforms) = preSolution
		Debug|Any CPU = Debug|Any CPU
		Release|Any CPU = Release|Any CPU
	EndGlobalSection
	GlobalSection(ProjectConfigurationPlatforms) = postSolution
		{6FC918D4-B407-4F4B-B710-EE3198B4F1A7}.Debug|Any CPU.ActiveCfg = Debug|Any CPU
		{6FC918D4-B407-4F4B-B710-EE3198B4F1A7}.Debug|Any CPU.Build.0 = Debug|Any CPU
		{6FC918D4-B407-4F4B-B710-EE3198B4F1A7}.Release|Any CPU.ActiveCfg = Release|Any CPU
		{6FC918D4-B407-4F4B-B710-EE3198B4F1A7}.Release|Any CPU.Build.0 = Release|Any CPU
	EndGlobalSection
	GlobalSection(SolutionProperties) = preSolution
		HideSolutionNode = FALSE
	EndGlobalSection
	GlobalSection(ExtensibilityGlobals) = postSolution
		SolutionGuid = {2027EC3D-C6BB-4DBE-969B-B5F661F554DC}
	EndGlobalSection
EndGlobal
